{
  "name": "services",
  "lockfileVersion": 3,
  "requires": true,
  "packages": {
    "": {
      "devDependencies": {
        "@types/jasmine": "^4.3.1"
      }
    },
    "node_modules/@types/jasmine": {
      "version": "4.3.1",
      "resolved": "https://registry.npmjs.org/@types/jasmine/-/jasmine-4.3.1.tgz",
      "integrity": "sha512-Vu8l+UGcshYmV1VWwULgnV/2RDbBaO6i2Ptx7nd//oJPIZGhoI1YLST4VKagD2Pq/Bc2/7zvtvhM7F3p4SN7kQ==",
      "dev": true
    }
  }
}
